
Microsoft Visual Studio Solution File, Format Version 12.00
# Visual Studio 15
Project("{FAE04EC0-301F-11D3-BF4B-00C04F79EFBC}") = "FirstXamarinApp.Android", "FirstXamarinApp.Android\FirstXamarinApp.Android.csproj", "{CF24E7E4-F4D1-4418-85CB-23F687FB3387}"
EndProject
Project("{FAE04EC0-301F-11D3-BF4B-00C04F79EFBC}") = "FirstXamarinApp.iOS", "FirstXamarinApp.iOS\FirstXamarinApp.iOS.csproj", "{57CBE0B9-BDE4-41B6-ADA6-B214C8CD7787}"
EndProject
Project("{FAE04EC0-301F-11D3-BF4B-00C04F79EFBC}") = "FirstXamarinApp", "FirstXamarinApp\FirstXamarinApp.csproj", "{B2AABD02-81EF-4D71-8B43-D28C4095F4DF}"
EndProject
Global
	GlobalSection(SolutionConfigurationPlatforms) = preSolution
		Debug|Any CPU = Debug|Any CPU
		Release|Any CPU = Release|Any CPU
		Debug|iPhoneSimulator = Debug|iPhoneSimulator
		Release|iPhoneSimulator = Release|iPhoneSimulator
		Debug|iPhone = Debug|iPhone
		Release|iPhone = Release|iPhone
	EndGlobalSection
	GlobalSection(ProjectConfigurationPlatforms) = postSolution
		{CF24E7E4-F4D1-4418-85CB-23F687FB3387}.Debug|Any CPU.ActiveCfg = Debug|Any CPU
		{CF24E7E4-F4D1-4418-85CB-23F687FB3387}.Debug|Any CPU.Build.0 = Debug|Any CPU
		{CF24E7E4-F4D1-4418-85CB-23F687FB3387}.Release|Any CPU.ActiveCfg = Release|Any CPU
		{CF24E7E4-F4D1-4418-85CB-23F687FB3387}.Release|Any CPU.Build.0 = Release|Any CPU
		{CF24E7E4-F4D1-4418-85CB-23F687FB3387}.Debug|iPhoneSimulator.ActiveCfg = Debug|Any CPU
		{CF24E7E4-F4D1-4418-85CB-23F687FB3387}.Debug|iPhoneSimulator.Build.0 = Debug|Any CPU
		{CF24E7E4-F4D1-4418-85CB-23F687FB3387}.Release|iPhoneSimulator.ActiveCfg = Release|Any CPU
		{CF24E7E4-F4D1-4418-85CB-23F687FB3387}.Release|iPhoneSimulator.Build.0 = Release|Any CPU
		{CF24E7E4-F4D1-4418-85CB-23F687FB3387}.Debug|iPhone.ActiveCfg = Debug|Any CPU
		{CF24E7E4-F4D1-4418-85CB-23F687FB3387}.Debug|iPhone.Build.0 = Debug|Any CPU
		{CF24E7E4-F4D1-4418-85CB-23F687FB3387}.Release|iPhone.ActiveCfg = Release|Any CPU
		{CF24E7E4-F4D1-4418-85CB-23F687FB3387}.Release|iPhone.Build.0 = Release|Any CPU
		{57CBE0B9-BDE4-41B6-ADA6-B214C8CD7787}.Debug|Any CPU.ActiveCfg = Debug|iPhoneSimulator
		{57CBE0B9-BDE4-41B6-ADA6-B214C8CD7787}.Debug|Any CPU.Build.0 = Debug|iPhoneSimulator
		{57CBE0B9-BDE4-41B6-ADA6-B214C8CD7787}.Release|Any CPU.ActiveCfg = Release|iPhoneSimulator
		{57CBE0B9-BDE4-41B6-ADA6-B214C8CD7787}.Release|Any CPU.Build.0 = Release|iPhoneSimulator
		{57CBE0B9-BDE4-41B6-ADA6-B214C8CD7787}.Debug|iPhoneSimulator.ActiveCfg = Debug|iPhoneSimulator
		{57CBE0B9-BDE4-41B6-ADA6-B214C8CD7787}.Debug|iPhoneSimulator.Build.0 = Debug|iPhoneSimulator
		{57CBE0B9-BDE4-41B6-ADA6-B214C8CD7787}.Release|iPhoneSimulator.ActiveCfg = Release|iPhoneSimulator
		{57CBE0B9-BDE4-41B6-ADA6-B214C8CD7787}.Release|iPhoneSimulator.Build.0 = Release|iPhoneSimulator
		{57CBE0B9-BDE4-41B6-ADA6-B214C8CD7787}.Debug|iPhone.ActiveCfg = Debug|iPhone
		{57CBE0B9-BDE4-41B6-ADA6-B214C8CD7787}.Debug|iPhone.Build.0 = Debug|iPhone
		{57CBE0B9-BDE4-41B6-ADA6-B214C8CD7787}.Release|iPhone.ActiveCfg = Release|iPhone
		{57CBE0B9-BDE4-41B6-ADA6-B214C8CD7787}.Release|iPhone.Build.0 = Release|iPhone
		{B2AABD02-81EF-4D71-8B43-D28C4095F4DF}.Debug|Any CPU.ActiveCfg = Debug|Any CPU
		{B2AABD02-81EF-4D71-8B43-D28C4095F4DF}.Debug|Any CPU.Build.0 = Debug|Any CPU
		{B2AABD02-81EF-4D71-8B43-D28C4095F4DF}.Release|Any CPU.ActiveCfg = Release|Any CPU
		{B2AABD02-81EF-4D71-8B43-D28C4095F4DF}.Release|Any CPU.Build.0 = Release|Any CPU
		{B2AABD02-81EF-4D71-8B43-D28C4095F4DF}.Debug|iPhoneSimulator.ActiveCfg = Debug|Any CPU
		{B2AABD02-81EF-4D71-8B43-D28C4095F4DF}.Debug|iPhoneSimulator.Build.0 = Debug|Any CPU
		{B2AABD02-81EF-4D71-8B43-D28C4095F4DF}.Release|iPhoneSimulator.ActiveCfg = Release|Any CPU
		{B2AABD02-81EF-4D71-8B43-D28C4095F4DF}.Release|iPhoneSimulator.Build.0 = Release|Any CPU
		{B2AABD02-81EF-4D71-8B43-D28C4095F4DF}.Debug|iPhone.ActiveCfg = Debug|Any CPU
		{B2AABD02-81EF-4D71-8B43-D28C4095F4DF}.Debug|iPhone.Build.0 = Debug|Any CPU
		{B2AABD02-81EF-4D71-8B43-D28C4095F4DF}.Release|iPhone.ActiveCfg = Release|Any CPU
		{B2AABD02-81EF-4D71-8B43-D28C4095F4DF}.Release|iPhone.Build.0 = Release|Any CPU
	EndGlobalSection
EndGlobal
